
Microsoft Visual Studio Solution File, Format Version 12.00
# Visual Studio Version 17
VisualStudioVersion = 17.8.34408.163
MinimumVisualStudioVersion = 10.0.40219.1
Project("{FAE04EC0-301F-11D3-BF4B-00C04F79EFBC}") = "Task2", "Task2\Task2.csproj", "{6885FF8A-A03F-49AB-8B28-3D698034C430}"
EndProject
Global
	GlobalSection(SolutionConfigurationPlatforms) = preSolution
		Debug|Any CPU = Debug|Any CPU
		Release|Any CPU = Release|Any CPU
	EndGlobalSection
	GlobalSection(ProjectConfigurationPlatforms) = postSolution
		{6885FF8A-A03F-49AB-8B28-3D698034C430}.Debug|Any CPU.ActiveCfg = Debug|Any CPU
		{6885FF8A-A03F-49AB-8B28-3D698034C430}.Debug|Any CPU.Build.0 = Debug|Any CPU
		{6885FF8A-A03F-49AB-8B28-3D698034C430}.Release|Any CPU.ActiveCfg = Release|Any CPU
		{6885FF8A-A03F-49AB-8B28-3D698034C430}.Release|Any CPU.Build.0 = Release|Any CPU
	EndGlobalSection
	GlobalSection(SolutionProperties) = preSolution
		HideSolutionNode = FALSE
	EndGlobalSection
	GlobalSection(ExtensibilityGlobals) = postSolution
		SolutionGuid = {740A8A3A-3910-47EF-8199-48554930E843}
	EndGlobalSection
EndGlobal
